// !$*UTF8*$!
{
	archiveVersion = 1;
	classes = {
	};
	objectVersion = 55;
	objects = {

/* Begin PBXBuildFile section */
		978BDCA364845905F0C478DC /* Pods_BenyamChat.framework in Frameworks */ = {isa = PBXBuildFile; fileRef = E3BABF8BBF54F5F669BDEA01 /* Pods_BenyamChat.framework */; };
		FF23B63F29520DB00085C309 /* ProfileTableViewCell.swift in Sources */ = {isa = PBXBuildFile; fileRef = FF23B63E29520DB00085C309 /* ProfileTableViewCell.swift */; };
		FF23B6412952480A0085C309 /* ChatModels.swift in Sources */ = {isa = PBXBuildFile; fileRef = FF23B6402952480A0085C309 /* ChatModels.swift */; };
		FF23B6432952483A0085C309 /* NewConversationModels.swift in Sources */ = {isa = PBXBuildFile; fileRef = FF23B6422952483A0085C309 /* NewConversationModels.swift */; };
		FF23B645295248630085C309 /* ProfileModels.swift in Sources */ = {isa = PBXBuildFile; fileRef = FF23B644295248630085C309 /* ProfileModels.swift */; };
		FF23B647295248920085C309 /* ConversationModels.swift in Sources */ = {isa = PBXBuildFile; fileRef = FF23B646295248920085C309 /* ConversationModels.swift */; };
		FF4D9DF22949AEB500BBCBAA /* ConversationTableViewCell.swift in Sources */ = {isa = PBXBuildFile; fileRef = FF4D9DF12949AEB500BBCBAA /* ConversationTableViewCell.swift */; };
		FF56E3A82951F84F00600CC5 /* LocationViewController.swift in Sources */ = {isa = PBXBuildFile; fileRef = FF56E3A72951F84F00600CC5 /* LocationViewController.swift */; };
		FF58C0CA29339825007084C3 /* AppDelegate.swift in Sources */ = {isa = PBXBuildFile; fileRef = FF58C0C929339825007084C3 /* AppDelegate.swift */; };
		FF58C0CC29339825007084C3 /* SceneDelegate.swift in Sources */ = {isa = PBXBuildFile; fileRef = FF58C0CB29339825007084C3 /* SceneDelegate.swift */; };
		FF58C0D129339825007084C3 /* Main.storyboard in Resources */ = {isa = PBXBuildFile; fileRef = FF58C0CF29339825007084C3 /* Main.storyboard */; };
		FF58C0D629339827007084C3 /* LaunchScreen.storyboard in Resources */ = {isa = PBXBuildFile; fileRef = FF58C0D429339827007084C3 /* LaunchScreen.storyboard */; };
		FF58C0E429339987007084C3 /* ConversationsViewController.swift in Sources */ = {isa = PBXBuildFile; fileRef = FF58C0E329339987007084C3 /* ConversationsViewController.swift */; };
		FF58C0E629339AC1007084C3 /* LoginViewController.swift in Sources */ = {isa = PBXBuildFile; fileRef = FF58C0E529339AC1007084C3 /* LoginViewController.swift */; };
		FF58C0E829339ACB007084C3 /* RegisterViewController.swift in Sources */ = {isa = PBXBuildFile; fileRef = FF58C0E729339ACB007084C3 /* RegisterViewController.swift */; };
		FF58C0EA29339ADA007084C3 /* PhotoViewerViewController.swift in Sources */ = {isa = PBXBuildFile; fileRef = FF58C0E929339ADA007084C3 /* PhotoViewerViewController.swift */; };
		FF58C0EC29339AE8007084C3 /* VideoPlayerViewController.swift in Sources */ = {isa = PBXBuildFile; fileRef = FF58C0EB29339AE8007084C3 /* VideoPlayerViewController.swift */; };
		FF58C0EF29339AFC007084C3 /* ProfileViewController.swift in Sources */ = {isa = PBXBuildFile; fileRef = FF58C0EE29339AFC007084C3 /* ProfileViewController.swift */; };
		FF58C0F62933BCA7007084C3 /* Assets.xcassets in Resources */ = {isa = PBXBuildFile; fileRef = FF58C0F52933BCA7007084C3 /* Assets.xcassets */; };
		FF58C0F82933BD40007084C3 /* Extensions.swift in Sources */ = {isa = PBXBuildFile; fileRef = FF58C0F72933BD40007084C3 /* Extensions.swift */; };
		FF5B45DE29410C5F00F7CAB8 /* DatabaseManager.swift in Sources */ = {isa = PBXBuildFile; fileRef = FF5B45DD29410C5F00F7CAB8 /* DatabaseManager.swift */; };
		FF7FB188294363B000F4E599 /* ChatViewController.swift in Sources */ = {isa = PBXBuildFile; fileRef = FF7FB187294363B000F4E599 /* ChatViewController.swift */; };
		FF7FB18A29436D0300F4E599 /* NewConversationViewController.swift in Sources */ = {isa = PBXBuildFile; fileRef = FF7FB18929436D0300F4E599 /* NewConversationViewController.swift */; };
		FF7FB18E2943998400F4E599 /* StorageManager.swift in Sources */ = {isa = PBXBuildFile; fileRef = FF7FB18D2943998400F4E599 /* StorageManager.swift */; };
		FFDA7AF12950E893001670A9 /* NewConversationCell.swift in Sources */ = {isa = PBXBuildFile; fileRef = FFDA7AF02950E893001670A9 /* NewConversationCell.swift */; };
		FFFC52F929394641004CA5D6 /* GoogleService-Info.plist in Resources */ = {isa = PBXBuildFile; fileRef = FFFC52F829394641004CA5D6 /* GoogleService-Info.plist */; };
/* End PBXBuildFile section */

/* Begin PBXFileReference section */
		664410D1D435E7AEF5DB8523 /* Pods-BenyamChat.release.xcconfig */ = {isa = PBXFileReference; includeInIndex = 1; lastKnownFileType = text.xcconfig; name = "Pods-BenyamChat.release.xcconfig"; path = "Target Support Files/Pods-BenyamChat/Pods-BenyamChat.release.xcconfig"; sourceTree = "<group>"; };
		B6A51B718B5067DC3CEF93CF /* Pods-BenyamChat.debug.xcconfig */ = {isa = PBXFileReference; includeInIndex = 1; lastKnownFileType = text.xcconfig; name = "Pods-BenyamChat.debug.xcconfig"; path = "Target Support Files/Pods-BenyamChat/Pods-BenyamChat.debug.xcconfig"; sourceTree = "<group>"; };
		E3BABF8BBF54F5F669BDEA01 /* Pods_BenyamChat.framework */ = {isa = PBXFileReference; explicitFileType = wrapper.framework; includeInIndex = 0; path = Pods_BenyamChat.framework; sourceTree = BUILT_PRODUCTS_DIR; };
		FF23B63E29520DB00085C309 /* ProfileTableViewCell.swift */ = {isa = PBXFileReference; lastKnownFileType = sourcecode.swift; path = ProfileTableViewCell.swift; sourceTree = "<group>"; };
		FF23B6402952480A0085C309 /* ChatModels.swift */ = {isa = PBXFileReference; lastKnownFileType = sourcecode.swift; path = ChatModels.swift; sourceTree = "<group>"; };
		FF23B6422952483A0085C309 /* NewConversationModels.swift */ = {isa = PBXFileReference; lastKnownFileType = sourcecode.swift; path = NewConversationModels.swift; sourceTree = "<group>"; };
		FF23B644295248630085C309 /* ProfileModels.swift */ = {isa = PBXFileReference; lastKnownFileType = sourcecode.swift; path = ProfileModels.swift; sourceTree = "<group>"; };
		FF23B646295248920085C309 /* ConversationModels.swift */ = {isa = PBXFileReference; lastKnownFileType = sourcecode.swift; path = ConversationModels.swift; sourceTree = "<group>"; };
		FF4D9DF12949AEB500BBCBAA /* ConversationTableViewCell.swift */ = {isa = PBXFileReference; lastKnownFileType = sourcecode.swift; path = ConversationTableViewCell.swift; sourceTree = "<group>"; };
		FF56E3A72951F84F00600CC5 /* LocationViewController.swift */ = {isa = PBXFileReference; lastKnownFileType = sourcecode.swift; path = LocationViewController.swift; sourceTree = "<group>"; };
		FF58C0C629339825007084C3 /* BenyamChat.app */ = {isa = PBXFileReference; explicitFileType = wrapper.application; includeInIndex = 0; path = BenyamChat.app; sourceTree = BUILT_PRODUCTS_DIR; };
		FF58C0C929339825007084C3 /* AppDelegate.swift */ = {isa = PBXFileReference; lastKnownFileType = sourcecode.swift; path = AppDelegate.swift; sourceTree = "<group>"; };
		FF58C0CB29339825007084C3 /* SceneDelegate.swift */ = {isa = PBXFileReference; lastKnownFileType = sourcecode.swift; path = SceneDelegate.swift; sourceTree = "<group>"; };
		FF58C0D029339825007084C3 /* Base */ = {isa = PBXFileReference; lastKnownFileType = file.storyboard; name = Base; path = Base.lproj/Main.storyboard; sourceTree = "<group>"; };
		FF58C0D529339827007084C3 /* Base */ = {isa = PBXFileReference; lastKnownFileType = file.storyboard; name = Base; path = Base.lproj/LaunchScreen.storyboard; sourceTree = "<group>"; };
		FF58C0D729339827007084C3 /* Info.plist */ = {isa = PBXFileReference; lastKnownFileType = text.plist.xml; path = Info.plist; sourceTree = "<group>"; };
		FF58C0E329339987007084C3 /* ConversationsViewController.swift */ = {isa = PBXFileReference; lastKnownFileType = sourcecode.swift; path = ConversationsViewController.swift; sourceTree = "<group>"; };
		FF58C0E529339AC1007084C3 /* LoginViewController.swift */ = {isa = PBXFileReference; lastKnownFileType = sourcecode.swift; path = LoginViewController.swift; sourceTree = "<group>"; };
		FF58C0E729339ACB007084C3 /* RegisterViewController.swift */ = {isa = PBXFileReference; lastKnownFileType = sourcecode.swift; path = RegisterViewController.swift; sourceTree = "<group>"; };
		FF58C0E929339ADA007084C3 /* PhotoViewerViewController.swift */ = {isa = PBXFileReference; lastKnownFileType = sourcecode.swift; path = PhotoViewerViewController.swift; sourceTree = "<group>"; };
		FF58C0EB29339AE8007084C3 /* VideoPlayerViewController.swift */ = {isa = PBXFileReference; lastKnownFileType = sourcecode.swift; path = VideoPlayerViewController.swift; sourceTree = "<group>"; };
		FF58C0EE29339AFC007084C3 /* ProfileViewController.swift */ = {isa = PBXFileReference; lastKnownFileType = sourcecode.swift; path = ProfileViewController.swift; sourceTree = "<group>"; };
		FF58C0F52933BCA7007084C3 /* Assets.xcassets */ = {isa = PBXFileReference; lastKnownFileType = folder.assetcatalog; path = Assets.xcassets; sourceTree = "<group>"; };
		FF58C0F72933BD40007084C3 /* Extensions.swift */ = {isa = PBXFileReference; lastKnownFileType = sourcecode.swift; path = Extensions.swift; sourceTree = "<group>"; };
		FF5B45DD29410C5F00F7CAB8 /* DatabaseManager.swift */ = {isa = PBXFileReference; lastKnownFileType = sourcecode.swift; path = DatabaseManager.swift; sourceTree = "<group>"; };
		FF7FB187294363B000F4E599 /* ChatViewController.swift */ = {isa = PBXFileReference; lastKnownFileType = sourcecode.swift; path = ChatViewController.swift; sourceTree = "<group>"; };
		FF7FB18929436D0300F4E599 /* NewConversationViewController.swift */ = {isa = PBXFileReference; lastKnownFileType = sourcecode.swift; path = NewConversationViewController.swift; sourceTree = "<group>"; };
		FF7FB18D2943998400F4E599 /* StorageManager.swift */ = {isa = PBXFileReference; lastKnownFileType = sourcecode.swift; path = StorageManager.swift; sourceTree = "<group>"; };
		FFDA7AF02950E893001670A9 /* NewConversationCell.swift */ = {isa = PBXFileReference; lastKnownFileType = sourcecode.swift; path = NewConversationCell.swift; sourceTree = "<group>"; };
		FFFC52F829394641004CA5D6 /* GoogleService-Info.plist */ = {isa = PBXFileReference; fileEncoding = 4; lastKnownFileType = text.plist.xml; path = "GoogleService-Info.plist"; sourceTree = "<group>"; };
/* End PBXFileReference section */

/* Begin PBXFrameworksBuildPhase section */
		FF58C0C329339825007084C3 /* Frameworks */ = {
			isa = PBXFrameworksBuildPhase;
			buildActionMask = 2147483647;
			files = (
				978BDCA364845905F0C478DC /* Pods_BenyamChat.framework in Frameworks */,
			);
			runOnlyForDeploymentPostprocessing = 0;
		};
/* End PBXFrameworksBuildPhase section */

/* Begin PBXGroup section */
		0255A1D22BDE84A13CCA9A49 /* Pods */ = {
			isa = PBXGroup;
			children = (
				B6A51B718B5067DC3CEF93CF /* Pods-BenyamChat.debug.xcconfig */,
				664410D1D435E7AEF5DB8523 /* Pods-BenyamChat.release.xcconfig */,
			);
			path = Pods;
			sourceTree = "<group>";
		};
		618D8EFC3A65C0C90A3266D6 /* Frameworks */ = {
			isa = PBXGroup;
			children = (
				E3BABF8BBF54F5F669BDEA01 /* Pods_BenyamChat.framework */,
			);
			name = Frameworks;
			sourceTree = "<group>";
		};
		FF58C0BD29339825007084C3 = {
			isa = PBXGroup;
			children = (
				FF58C0C829339825007084C3 /* BenyamChat */,
				FF58C0C729339825007084C3 /* Products */,
				0255A1D22BDE84A13CCA9A49 /* Pods */,
				618D8EFC3A65C0C90A3266D6 /* Frameworks */,
			);
			sourceTree = "<group>";
		};
		FF58C0C729339825007084C3 /* Products */ = {
			isa = PBXGroup;
			children = (
				FF58C0C629339825007084C3 /* BenyamChat.app */,
			);
			name = Products;
			sourceTree = "<group>";
		};
		FF58C0C829339825007084C3 /* BenyamChat */ = {
			isa = PBXGroup;
			children = (
				FFFC52F829394641004CA5D6 /* GoogleService-Info.plist */,
				FF58C0E129339912007084C3 /* Resources */,
				FF58C0E02933990B007084C3 /* ViewModel */,
				FF58C0DF29339905007084C3 /* Model */,
				FF58C0DE293398FF007084C3 /* View */,
				FF58C0DD293398F3007084C3 /* Controller */,
				FF58C0D729339827007084C3 /* Info.plist */,
				FF58C0F52933BCA7007084C3 /* Assets.xcassets */,
			);
			path = BenyamChat;
			sourceTree = "<group>";
		};
		FF58C0DD293398F3007084C3 /* Controller */ = {
			isa = PBXGroup;
			children = (
				FF58C0F229339D33007084C3 /* Login */,
				FF58C0E329339987007084C3 /* ConversationsViewController.swift */,
				FF58C0E929339ADA007084C3 /* PhotoViewerViewController.swift */,
				FF58C0EB29339AE8007084C3 /* VideoPlayerViewController.swift */,
				FF58C0EE29339AFC007084C3 /* ProfileViewController.swift */,
				FF7FB187294363B000F4E599 /* ChatViewController.swift */,
				FF7FB18929436D0300F4E599 /* NewConversationViewController.swift */,
				FF56E3A72951F84F00600CC5 /* LocationViewController.swift */,
			);
			path = Controller;
			sourceTree = "<group>";
		};
		FF58C0DE293398FF007084C3 /* View */ = {
			isa = PBXGroup;
			children = (
				FF58C0E229339937007084C3 /* Storyboard */,
				FF4D9DF12949AEB500BBCBAA /* ConversationTableViewCell.swift */,
				FFDA7AF02950E893001670A9 /* NewConversationCell.swift */,
				FF23B63E29520DB00085C309 /* ProfileTableViewCell.swift */,
			);
			path = View;
			sourceTree = "<group>";
		};
		FF58C0DF29339905007084C3 /* Model */ = {
			isa = PBXGroup;
			children = (
				FF23B6402952480A0085C309 /* ChatModels.swift */,
				FF23B6422952483A0085C309 /* NewConversationModels.swift */,
				FF23B644295248630085C309 /* ProfileModels.swift */,
				FF23B646295248920085C309 /* ConversationModels.swift */,
			);
			path = Model;
			sourceTree = "<group>";
		};
		FF58C0E02933990B007084C3 /* ViewModel */ = {
			isa = PBXGroup;
			children = (
			);
			path = ViewModel;
			sourceTree = "<group>";
		};
		FF58C0E129339912007084C3 /* Resources */ = {
			isa = PBXGroup;
			children = (
				FF58C0C929339825007084C3 /* AppDelegate.swift */,
				FF58C0CB29339825007084C3 /* SceneDelegate.swift */,
				FF58C0F72933BD40007084C3 /* Extensions.swift */,
				FF5B45DD29410C5F00F7CAB8 /* DatabaseManager.swift */,
				FF7FB18D2943998400F4E599 /* StorageManager.swift */,
			);
			path = Resources;
			sourceTree = "<group>";
		};
		FF58C0E229339937007084C3 /* Storyboard */ = {
			isa = PBXGroup;
			children = (
				FF58C0D429339827007084C3 /* LaunchScreen.storyboard */,
				FF58C0CF29339825007084C3 /* Main.storyboard */,
			);
			path = Storyboard;
			sourceTree = "<group>";
		};
		FF58C0F229339D33007084C3 /* Login */ = {
			isa = PBXGroup;
			children = (
				FF58C0E529339AC1007084C3 /* LoginViewController.swift */,
				FF58C0E729339ACB007084C3 /* RegisterViewController.swift */,
			);
			path = Login;
			sourceTree = "<group>";
		};
/* End PBXGroup section */

/* Begin PBXNativeTarget section */
		FF58C0C529339825007084C3 /* BenyamChat */ = {
			isa = PBXNativeTarget;
			buildConfigurationList = FF58C0DA29339827007084C3 /* Build configuration list for PBXNativeTarget "BenyamChat" */;
			buildPhases = (
				22BCA08686F3A2BB60130D26 /* [CP] Check Pods Manifest.lock */,
				FF58C0C229339825007084C3 /* Sources */,
				FF58C0C329339825007084C3 /* Frameworks */,
				FF58C0C429339825007084C3 /* Resources */,
				8B63B636CA528ED67AA385A3 /* [CP] Embed Pods Frameworks */,
			);
			buildRules = (
			);
			dependencies = (
			);
			name = BenyamChat;
			productName = BenyamChat;
			productReference = FF58C0C629339825007084C3 /* BenyamChat.app */;
			productType = "com.apple.product-type.application";
		};
/* End PBXNativeTarget section */

/* Begin PBXProject section */
		FF58C0BE29339825007084C3 /* Project object */ = {
			isa = PBXProject;
			attributes = {
				BuildIndependentTargetsInParallel = 1;
				LastSwiftUpdateCheck = 1340;
				LastUpgradeCheck = 1340;
				TargetAttributes = {
					FF58C0C529339825007084C3 = {
						CreatedOnToolsVersion = 13.4.1;
					};
				};
			};
			buildConfigurationList = FF58C0C129339825007084C3 /* Build configuration list for PBXProject "BenyamChat" */;
			compatibilityVersion = "Xcode 13.0";
			developmentRegion = en;
			hasScannedForEncodings = 0;
			knownRegions = (
				en,
				Base,
			);
			mainGroup = FF58C0BD29339825007084C3;
			productRefGroup = FF58C0C729339825007084C3 /* Products */;
			projectDirPath = "";
			projectRoot = "";
			targets = (
				FF58C0C529339825007084C3 /* BenyamChat */,
			);
		};
/* End PBXProject section */

/* Begin PBXResourcesBuildPhase section */
		FF58C0C429339825007084C3 /* Resources */ = {
			isa = PBXResourcesBuildPhase;
			buildActionMask = 2147483647;
			files = (
				FF58C0D629339827007084C3 /* LaunchScreen.storyboard in Resources */,
				FFFC52F929394641004CA5D6 /* GoogleService-Info.plist in Resources */,
				FF58C0F62933BCA7007084C3 /* Assets.xcassets in Resources */,
				FF58C0D129339825007084C3 /* Main.storyboard in Resources */,
			);
			runOnlyForDeploymentPostprocessing = 0;
		};
/* End PBXResourcesBuildPhase section */

/* Begin PBXShellScriptBuildPhase section */
		22BCA08686F3A2BB60130D26 /* [CP] Check Pods Manifest.lock */ = {
			isa = PBXShellScriptBuildPhase;
			buildActionMask = 2147483647;
			files = (
			);
			inputFileListPaths = (
			);
			inputPaths = (
				"${PODS_PODFILE_DIR_PATH}/Podfile.lock",
				"${PODS_ROOT}/Manifest.lock",
			);
			name = "[CP] Check Pods Manifest.lock";
			outputFileListPaths = (
			);
			outputPaths = (
				"$(DERIVED_FILE_DIR)/Pods-BenyamChat-checkManifestLockResult.txt",
			);
			runOnlyForDeploymentPostprocessing = 0;
			shellPath = /bin/sh;
			shellScript = "diff \"${PODS_PODFILE_DIR_PATH}/Podfile.lock\" \"${PODS_ROOT}/Manifest.lock\" > /dev/null\nif [ $? != 0 ] ; then\n    # print error to STDERR\n    echo \"error: The sandbox is not in sync with the Podfile.lock. Run 'pod install' or update your CocoaPods installation.\" >&2\n    exit 1\nfi\n# This output is used by Xcode 'outputs' to avoid re-running this script phase.\necho \"SUCCESS\" > \"${SCRIPT_OUTPUT_FILE_0}\"\n";
			showEnvVarsInLog = 0;
		};
		8B63B636CA528ED67AA385A3 /* [CP] Embed Pods Frameworks */ = {
			isa = PBXShellScriptBuildPhase;
			buildActionMask = 2147483647;
			files = (
			);
			inputFileListPaths = (
				"${PODS_ROOT}/Target Support Files/Pods-BenyamChat/Pods-BenyamChat-frameworks-${CONFIGURATION}-input-files.xcfilelist",
			);
			name = "[CP] Embed Pods Frameworks";
			outputFileListPaths = (
				"${PODS_ROOT}/Target Support Files/Pods-BenyamChat/Pods-BenyamChat-frameworks-${CONFIGURATION}-output-files.xcfilelist",
			);
			runOnlyForDeploymentPostprocessing = 0;
			shellPath = /bin/sh;
			shellScript = "\"${PODS_ROOT}/Target Support Files/Pods-BenyamChat/Pods-BenyamChat-frameworks.sh\"\n";
			showEnvVarsInLog = 0;
		};
/* End PBXShellScriptBuildPhase section */

/* Begin PBXSourcesBuildPhase section */
		FF58C0C229339825007084C3 /* Sources */ = {
			isa = PBXSourcesBuildPhase;
			buildActionMask = 2147483647;
			files = (
				FF23B647295248920085C309 /* ConversationModels.swift in Sources */,
				FF58C0E629339AC1007084C3 /* LoginViewController.swift in Sources */,
				FFDA7AF12950E893001670A9 /* NewConversationCell.swift in Sources */,
				FF5B45DE29410C5F00F7CAB8 /* DatabaseManager.swift in Sources */,
				FF23B645295248630085C309 /* ProfileModels.swift in Sources */,
				FF23B6412952480A0085C309 /* ChatModels.swift in Sources */,
				FF58C0E829339ACB007084C3 /* RegisterViewController.swift in Sources */,
				FF7FB18A29436D0300F4E599 /* NewConversationViewController.swift in Sources */,
				FF58C0E429339987007084C3 /* ConversationsViewController.swift in Sources */,
				FF58C0EC29339AE8007084C3 /* VideoPlayerViewController.swift in Sources */,
				FF58C0F82933BD40007084C3 /* Extensions.swift in Sources */,
				FF23B6432952483A0085C309 /* NewConversationModels.swift in Sources */,
				FF58C0CA29339825007084C3 /* AppDelegate.swift in Sources */,
				FF58C0CC29339825007084C3 /* SceneDelegate.swift in Sources */,
				FF58C0EF29339AFC007084C3 /* ProfileViewController.swift in Sources */,
				FF23B63F29520DB00085C309 /* ProfileTableViewCell.swift in Sources */,
				FF4D9DF22949AEB500BBCBAA /* ConversationTableViewCell.swift in Sources */,
				FF7FB188294363B000F4E599 /* ChatViewController.swift in Sources */,
				FF58C0EA29339ADA007084C3 /* PhotoViewerViewController.swift in Sources */,
				FF7FB18E2943998400F4E599 /* StorageManager.swift in Sources */,
				FF56E3A82951F84F00600CC5 /* LocationViewController.swift in Sources */,
			);
			runOnlyForDeploymentPostprocessing = 0;
		};
/* End PBXSourcesBuildPhase section */

/* Begin PBXVariantGroup section */
		FF58C0CF29339825007084C3 /* Main.storyboard */ = {
			isa = PBXVariantGroup;
			children = (
				FF58C0D029339825007084C3 /* Base */,
			);
			name = Main.storyboard;
			sourceTree = "<group>";
		};
		FF58C0D429339827007084C3 /* LaunchScreen.storyboard */ = {
			isa = PBXVariantGroup;
			children = (
				FF58C0D529339827007084C3 /* Base */,
			);
			name = LaunchScreen.storyboard;
			sourceTree = "<group>";
		};
/* End PBXVariantGroup section */

/* Begin XCBuildConfiguration section */
		FF58C0D829339827007084C3 /* Debug */ = {
			isa = XCBuildConfiguration;
			buildSettings = {
				ALWAYS_SEARCH_USER_PATHS = NO;
				CLANG_ANALYZER_NONNULL = YES;
				CLANG_ANALYZER_NUMBER_OBJECT_CONVERSION = YES_AGGRESSIVE;
				CLANG_CXX_LANGUAGE_STANDARD = "gnu++17";
				CLANG_ENABLE_MODULES = YES;
				CLANG_ENABLE_OBJC_ARC = YES;
				CLANG_ENABLE_OBJC_WEAK = YES;
				CLANG_WARN_BLOCK_CAPTURE_AUTORELEASING = YES;
				CLANG_WARN_BOOL_CONVERSION = YES;
				CLANG_WARN_COMMA = YES;
				CLANG_WARN_CONSTANT_CONVERSION = YES;
				CLANG_WARN_DEPRECATED_OBJC_IMPLEMENTATIONS = YES;
				CLANG_WARN_DIRECT_OBJC_ISA_USAGE = YES_ERROR;
				CLANG_WARN_DOCUMENTATION_COMMENTS = YES;
				CLANG_WARN_EMPTY_BODY = YES;
				CLANG_WARN_ENUM_CONVERSION = YES;
				CLANG_WARN_INFINITE_RECURSION = YES;
				CLANG_WARN_INT_CONVERSION = YES;
				CLANG_WARN_NON_LITERAL_NULL_CONVERSION = YES;
				CLANG_WARN_OBJC_IMPLICIT_RETAIN_SELF = YES;
				CLANG_WARN_OBJC_LITERAL_CONVERSION = YES;
				CLANG_WARN_OBJC_ROOT_CLASS = YES_ERROR;
				CLANG_WARN_QUOTED_INCLUDE_IN_FRAMEWORK_HEADER = YES;
				CLANG_WARN_RANGE_LOOP_ANALYSIS = YES;
				CLANG_WARN_STRICT_PROTOTYPES = YES;
				CLANG_WARN_SUSPICIOUS_MOVE = YES;
				CLANG_WARN_UNGUARDED_AVAILABILITY = YES_AGGRESSIVE;
				CLANG_WARN_UNREACHABLE_CODE = YES;
				CLANG_WARN__DUPLICATE_METHOD_MATCH = YES;
				COPY_PHASE_STRIP = NO;
				DEBUG_INFORMATION_FORMAT = dwarf;
				ENABLE_STRICT_OBJC_MSGSEND = YES;
				ENABLE_TESTABILITY = YES;
				GCC_C_LANGUAGE_STANDARD = gnu11;
				GCC_DYNAMIC_NO_PIC = NO;
				GCC_NO_COMMON_BLOCKS = YES;
				GCC_OPTIMIZATION_LEVEL = 0;
				GCC_PREPROCESSOR_DEFINITIONS = (
					"DEBUG=1",
					"$(inherited)",
				);
				GCC_WARN_64_TO_32_BIT_CONVERSION = YES;
				GCC_WARN_ABOUT_RETURN_TYPE = YES_ERROR;
				GCC_WARN_UNDECLARED_SELECTOR = YES;
				GCC_WARN_UNINITIALIZED_AUTOS = YES_AGGRESSIVE;
				GCC_WARN_UNUSED_FUNCTION = YES;
				GCC_WARN_UNUSED_VARIABLE = YES;
				IPHONEOS_DEPLOYMENT_TARGET = 15.5;
				MTL_ENABLE_DEBUG_INFO = INCLUDE_SOURCE;
				MTL_FAST_MATH = YES;
				ONLY_ACTIVE_ARCH = YES;
				SDKROOT = iphoneos;
				SKIP_INSTALL = NO;
				SWIFT_ACTIVE_COMPILATION_CONDITIONS = DEBUG;
				SWIFT_OPTIMIZATION_LEVEL = "-Onone";
			};
			name = Debug;
		};
		FF58C0D929339827007084C3 /* Release */ = {
			isa = XCBuildConfiguration;
			buildSettings = {
				ALWAYS_SEARCH_USER_PATHS = NO;
				CLANG_ANALYZER_NONNULL = YES;
				CLANG_ANALYZER_NUMBER_OBJECT_CONVERSION = YES_AGGRESSIVE;
				CLANG_CXX_LANGUAGE_STANDARD = "gnu++17";
				CLANG_ENABLE_MODULES = YES;
				CLANG_ENABLE_OBJC_ARC = YES;
				CLANG_ENABLE_OBJC_WEAK = YES;
				CLANG_WARN_BLOCK_CAPTURE_AUTORELEASING = YES;
				CLANG_WARN_BOOL_CONVERSION = YES;
				CLANG_WARN_COMMA = YES;
				CLANG_WARN_CONSTANT_CONVERSION = YES;
				CLANG_WARN_DEPRECATED_OBJC_IMPLEMENTATIONS = YES;
				CLANG_WARN_DIRECT_OBJC_ISA_USAGE = YES_ERROR;
				CLANG_WARN_DOCUMENTATION_COMMENTS = YES;
				CLANG_WARN_EMPTY_BODY = YES;
				CLANG_WARN_ENUM_CONVERSION = YES;
				CLANG_WARN_INFINITE_RECURSION = YES;
				CLANG_WARN_INT_CONVERSION = YES;
				CLANG_WARN_NON_LITERAL_NULL_CONVERSION = YES;
				CLANG_WARN_OBJC_IMPLICIT_RETAIN_SELF = YES;
				CLANG_WARN_OBJC_LITERAL_CONVERSION = YES;
				CLANG_WARN_OBJC_ROOT_CLASS = YES_ERROR;
				CLANG_WARN_QUOTED_INCLUDE_IN_FRAMEWORK_HEADER = YES;
				CLANG_WARN_RANGE_LOOP_ANALYSIS = YES;
				CLANG_WARN_STRICT_PROTOTYPES = YES;
				CLANG_WARN_SUSPICIOUS_MOVE = YES;
				CLANG_WARN_UNGUARDED_AVAILABILITY = YES_AGGRESSIVE;
				CLANG_WARN_UNREACHABLE_CODE = YES;
				CLANG_WARN__DUPLICATE_METHOD_MATCH = YES;
				COPY_PHASE_STRIP = NO;
				DEBUG_INFORMATION_FORMAT = "dwarf-with-dsym";
				ENABLE_NS_ASSERTIONS = NO;
				ENABLE_STRICT_OBJC_MSGSEND = YES;
				GCC_C_LANGUAGE_STANDARD = gnu11;
				GCC_NO_COMMON_BLOCKS = YES;
				GCC_WARN_64_TO_32_BIT_CONVERSION = YES;
				GCC_WARN_ABOUT_RETURN_TYPE = YES_ERROR;
				GCC_WARN_UNDECLARED_SELECTOR = YES;
				GCC_WARN_UNINITIALIZED_AUTOS = YES_AGGRESSIVE;
				GCC_WARN_UNUSED_FUNCTION = YES;
				GCC_WARN_UNUSED_VARIABLE = YES;
				IPHONEOS_DEPLOYMENT_TARGET = 15.5;
				MTL_ENABLE_DEBUG_INFO = NO;
				MTL_FAST_MATH = YES;
				SDKROOT = iphoneos;
				SKIP_INSTALL = NO;
				SWIFT_COMPILATION_MODE = wholemodule;
				SWIFT_OPTIMIZATION_LEVEL = "-O";
				VALIDATE_PRODUCT = YES;
			};
			name = Release;
		};
		FF58C0DB29339827007084C3 /* Debug */ = {
			isa = XCBuildConfiguration;
			baseConfigurationReference = B6A51B718B5067DC3CEF93CF /* Pods-BenyamChat.debug.xcconfig */;
			buildSettings = {
				ASSETCATALOG_COMPILER_APPICON_NAME = AppIcon;
				ASSETCATALOG_COMPILER_GLOBAL_ACCENT_COLOR_NAME = AccentColor;
				ASSETCATALOG_COMPILER_SKIP_APP_STORE_DEPLOYMENT = NO;
				CODE_SIGN_STYLE = Automatic;
				CURRENT_PROJECT_VERSION = 1;
				DEVELOPMENT_TEAM = 3RYA52PLG7;
				ENABLE_BITCODE = NO;
				GENERATE_INFOPLIST_FILE = YES;
				INFOPLIST_FILE = BenyamChat/Info.plist;
				INFOPLIST_KEY_NSCalendarsUsageDescription = "Please allow access to take profile picture";
				INFOPLIST_KEY_NSPhotoLibraryAddUsageDescription = "Please allow access to select a photo for your profile.";
				INFOPLIST_KEY_UIApplicationSupportsIndirectInputEvents = YES;
				INFOPLIST_KEY_UILaunchStoryboardName = LaunchScreen;
				INFOPLIST_KEY_UIMainStoryboardFile = Main;
				INFOPLIST_KEY_UISupportedInterfaceOrientations_iPad = "UIInterfaceOrientationPortrait UIInterfaceOrientationPortraitUpsideDown UIInterfaceOrientationLandscapeLeft UIInterfaceOrientationLandscapeRight";
				INFOPLIST_KEY_UISupportedInterfaceOrientations_iPhone = "UIInterfaceOrientationPortrait UIInterfaceOrientationLandscapeLeft UIInterfaceOrientationLandscapeRight";
				IPHONEOS_DEPLOYMENT_TARGET = 13.0;
				LD_RUNPATH_SEARCH_PATHS = (
					"$(inherited)",
					"@executable_path/Frameworks",
				);
				MARKETING_VERSION = 1.0;
				PRODUCT_BUNDLE_IDENTIFIER = com.benyam.BenyamChat;
				PRODUCT_NAME = "$(TARGET_NAME)";
				SKIP_INSTALL = NO;
				SWIFT_EMIT_LOC_STRINGS = YES;
				SWIFT_VERSION = 5.0;
				TARGETED_DEVICE_FAMILY = "1,2";
			};
			name = Debug;
		};
		FF58C0DC29339827007084C3 /* Release */ = {
			isa = XCBuildConfiguration;
			baseConfigurationReference = 664410D1D435E7AEF5DB8523 /* Pods-BenyamChat.release.xcconfig */;
			buildSettings = {
				ASSETCATALOG_COMPILER_APPICON_NAME = AppIcon;
				ASSETCATALOG_COMPILER_GLOBAL_ACCENT_COLOR_NAME = AccentColor;
				ASSETCATALOG_COMPILER_SKIP_APP_STORE_DEPLOYMENT = NO;
				CODE_SIGN_STYLE = Automatic;
				CURRENT_PROJECT_VERSION = 1;
				DEVELOPMENT_TEAM = 3RYA52PLG7;
				ENABLE_BITCODE = NO;
				GENERATE_INFOPLIST_FILE = YES;
				INFOPLIST_FILE = BenyamChat/Info.plist;
				INFOPLIST_KEY_NSCalendarsUsageDescription = "Please allow access to take profile picture";
				INFOPLIST_KEY_NSPhotoLibraryAddUsageDescription = "Please allow access to select a photo for your profile.";
				INFOPLIST_KEY_UIApplicationSupportsIndirectInputEvents = YES;
				INFOPLIST_KEY_UILaunchStoryboardName = LaunchScreen;
				INFOPLIST_KEY_UIMainStoryboardFile = Main;
				INFOPLIST_KEY_UISupportedInterfaceOrientations_iPad = "UIInterfaceOrientationPortrait UIInterfaceOrientationPortraitUpsideDown UIInterfaceOrientationLandscapeLeft UIInterfaceOrientationLandscapeRight";
				INFOPLIST_KEY_UISupportedInterfaceOrientations_iPhone = "UIInterfaceOrientationPortrait UIInterfaceOrientationLandscapeLeft UIInterfaceOrientationLandscapeRight";
				IPHONEOS_DEPLOYMENT_TARGET = 13.0;
				LD_RUNPATH_SEARCH_PATHS = (
					"$(inherited)",
					"@executable_path/Frameworks",
				);
				MARKETING_VERSION = 1.0;
				PRODUCT_BUNDLE_IDENTIFIER = com.benyam.BenyamChat;
				PRODUCT_NAME = "$(TARGET_NAME)";
				SKIP_INSTALL = NO;
				SWIFT_EMIT_LOC_STRINGS = YES;
				SWIFT_VERSION = 5.0;
				TARGETED_DEVICE_FAMILY = "1,2";
			};
			name = Release;
		};
/* End XCBuildConfiguration section */

/* Begin XCConfigurationList section */
		FF58C0C129339825007084C3 /* Build configuration list for PBXProject "BenyamChat" */ = {
			isa = XCConfigurationList;
			buildConfigurations = (
				FF58C0D829339827007084C3 /* Debug */,
				FF58C0D929339827007084C3 /* Release */,
			);
			defaultConfigurationIsVisible = 0;
			defaultConfigurationName = Release;
		};
		FF58C0DA29339827007084C3 /* Build configuration list for PBXNativeTarget "BenyamChat" */ = {
			isa = XCConfigurationList;
			buildConfigurations = (
				FF58C0DB29339827007084C3 /* Debug */,
				FF58C0DC29339827007084C3 /* Release */,
			);
			defaultConfigurationIsVisible = 0;
			defaultConfigurationName = Release;
		};
/* End XCConfigurationList section */
	};
	rootObject = FF58C0BE29339825007084C3 /* Project object */;
}
